// !$*UTF8*$!
{
	archiveVersion = 1;
	classes = {
	};
	objectVersion = 51;
	objects = {

/* Begin PBXBuildFile section */
		BC3DF2122652C91800264F25 /* LocationManager.swift in Sources */ = {isa = PBXBuildFile; fileRef = BC3DF2112652C91800264F25 /* LocationManager.swift */; };
		BC3DF2192652D42000264F25 /* SearchViewController.swift in Sources */ = {isa = PBXBuildFile; fileRef = BC3DF2182652D42000264F25 /* SearchViewController.swift */; };
		BC3DF22026530EC400264F25 /* CurrentWeatherModel.swift in Sources */ = {isa = PBXBuildFile; fileRef = BC3DF21F26530EC400264F25 /* CurrentWeatherModel.swift */; };
		BC3DF2232653D15E00264F25 /* WeatherConditionModel.swift in Sources */ = {isa = PBXBuildFile; fileRef = BC3DF2222653D15E00264F25 /* WeatherConditionModel.swift */; };
		BCAB62262652BE9000BA41F2 /* AppDelegate.swift in Sources */ = {isa = PBXBuildFile; fileRef = BCAB62252652BE9000BA41F2 /* AppDelegate.swift */; };
		BCAB62282652BE9000BA41F2 /* SceneDelegate.swift in Sources */ = {isa = PBXBuildFile; fileRef = BCAB62272652BE9000BA41F2 /* SceneDelegate.swift */; };
		BCAB622A2652BE9000BA41F2 /* WeatherViewController.swift in Sources */ = {isa = PBXBuildFile; fileRef = BCAB62292652BE9000BA41F2 /* WeatherViewController.swift */; };
		BCAB622D2652BE9000BA41F2 /* Main.storyboard in Resources */ = {isa = PBXBuildFile; fileRef = BCAB622B2652BE9000BA41F2 /* Main.storyboard */; };
		BCAB622F2652BE9100BA41F2 /* Assets.xcassets in Resources */ = {isa = PBXBuildFile; fileRef = BCAB622E2652BE9100BA41F2 /* Assets.xcassets */; };
		BCAB62322652BE9100BA41F2 /* LaunchScreen.storyboard in Resources */ = {isa = PBXBuildFile; fileRef = BCAB62302652BE9100BA41F2 /* LaunchScreen.storyboard */; };
		BCD07BDB267764C5003DD9E0 /* ForecastTableViewController.swift in Sources */ = {isa = PBXBuildFile; fileRef = BCD07BDA267764C5003DD9E0 /* ForecastTableViewController.swift */; };
		BCD07BE02677715D003DD9E0 /* ForecastWeatherModel.swift in Sources */ = {isa = PBXBuildFile; fileRef = BCD07BDF2677715D003DD9E0 /* ForecastWeatherModel.swift */; };
		BCD07BE626777E1E003DD9E0 /* ForecastTableViewCell.swift in Sources */ = {isa = PBXBuildFile; fileRef = BCD07BE526777E1E003DD9E0 /* ForecastTableViewCell.swift */; };
		BCD07BE92678FED4003DD9E0 /* SavedWorkingData.swift in Sources */ = {isa = PBXBuildFile; fileRef = BCD07BE82678FED4003DD9E0 /* SavedWorkingData.swift */; };
		BCD07BED2679013E003DD9E0 /* StorageManager.swift in Sources */ = {isa = PBXBuildFile; fileRef = BCD07BEC2679013E003DD9E0 /* StorageManager.swift */; };
		BCD07BF026792AA0003DD9E0 /* MapImageViewController.swift in Sources */ = {isa = PBXBuildFile; fileRef = BCD07BEF26792AA0003DD9E0 /* MapImageViewController.swift */; };
		BCD07BF3267939C9003DD9E0 /* CachedImageView.swift in Sources */ = {isa = PBXBuildFile; fileRef = BCD07BF2267939C9003DD9E0 /* CachedImageView.swift */; };
		E3E88EE06A61AA979D0B9D92 /* Pods_WeatherApp_HW10.framework in Frameworks */ = {isa = PBXBuildFile; fileRef = 8E55F9757ED251E1A8E444DD /* Pods_WeatherApp_HW10.framework */; };
/* End PBXBuildFile section */

/* Begin PBXFileReference section */
		280DF96118270BBB45745232 /* Pods-WeatherApp HW10.release.xcconfig */ = {isa = PBXFileReference; includeInIndex = 1; lastKnownFileType = text.xcconfig; name = "Pods-WeatherApp HW10.release.xcconfig"; path = "Target Support Files/Pods-WeatherApp HW10/Pods-WeatherApp HW10.release.xcconfig"; sourceTree = "<group>"; };
		2CEFB0BEE1A0A9D133106B87 /* Pods-WeatherApp HW10.debug.xcconfig */ = {isa = PBXFileReference; includeInIndex = 1; lastKnownFileType = text.xcconfig; name = "Pods-WeatherApp HW10.debug.xcconfig"; path = "Target Support Files/Pods-WeatherApp HW10/Pods-WeatherApp HW10.debug.xcconfig"; sourceTree = "<group>"; };
		8E55F9757ED251E1A8E444DD /* Pods_WeatherApp_HW10.framework */ = {isa = PBXFileReference; explicitFileType = wrapper.framework; includeInIndex = 0; path = Pods_WeatherApp_HW10.framework; sourceTree = BUILT_PRODUCTS_DIR; };
		BC3DF2112652C91800264F25 /* LocationManager.swift */ = {isa = PBXFileReference; lastKnownFileType = sourcecode.swift; path = LocationManager.swift; sourceTree = "<group>"; };
		BC3DF2182652D42000264F25 /* SearchViewController.swift */ = {isa = PBXFileReference; lastKnownFileType = sourcecode.swift; path = SearchViewController.swift; sourceTree = "<group>"; };
		BC3DF21F26530EC400264F25 /* CurrentWeatherModel.swift */ = {isa = PBXFileReference; lastKnownFileType = sourcecode.swift; path = CurrentWeatherModel.swift; sourceTree = "<group>"; };
		BC3DF2222653D15E00264F25 /* WeatherConditionModel.swift */ = {isa = PBXFileReference; lastKnownFileType = sourcecode.swift; path = WeatherConditionModel.swift; sourceTree = "<group>"; };
		BCAB62222652BE9000BA41F2 /* WeatherApp HW10.app */ = {isa = PBXFileReference; explicitFileType = wrapper.application; includeInIndex = 0; path = "WeatherApp HW10.app"; sourceTree = BUILT_PRODUCTS_DIR; };
		BCAB62252652BE9000BA41F2 /* AppDelegate.swift */ = {isa = PBXFileReference; lastKnownFileType = sourcecode.swift; path = AppDelegate.swift; sourceTree = "<group>"; };
		BCAB62272652BE9000BA41F2 /* SceneDelegate.swift */ = {isa = PBXFileReference; lastKnownFileType = sourcecode.swift; path = SceneDelegate.swift; sourceTree = "<group>"; };
		BCAB62292652BE9000BA41F2 /* WeatherViewController.swift */ = {isa = PBXFileReference; lastKnownFileType = sourcecode.swift; path = WeatherViewController.swift; sourceTree = "<group>"; };
		BCAB622C2652BE9000BA41F2 /* Base */ = {isa = PBXFileReference; lastKnownFileType = file.storyboard; name = Base; path = Base.lproj/Main.storyboard; sourceTree = "<group>"; };
		BCAB622E2652BE9100BA41F2 /* Assets.xcassets */ = {isa = PBXFileReference; lastKnownFileType = folder.assetcatalog; path = Assets.xcassets; sourceTree = "<group>"; };
		BCAB62312652BE9100BA41F2 /* Base */ = {isa = PBXFileReference; lastKnownFileType = file.storyboard; name = Base; path = Base.lproj/LaunchScreen.storyboard; sourceTree = "<group>"; };
		BCAB62332652BE9100BA41F2 /* Info.plist */ = {isa = PBXFileReference; lastKnownFileType = text.plist.xml; path = Info.plist; sourceTree = "<group>"; };
		BCD07BDA267764C5003DD9E0 /* ForecastTableViewController.swift */ = {isa = PBXFileReference; lastKnownFileType = sourcecode.swift; path = ForecastTableViewController.swift; sourceTree = "<group>"; };
		BCD07BDF2677715D003DD9E0 /* ForecastWeatherModel.swift */ = {isa = PBXFileReference; lastKnownFileType = sourcecode.swift; path = ForecastWeatherModel.swift; sourceTree = "<group>"; };
		BCD07BE526777E1E003DD9E0 /* ForecastTableViewCell.swift */ = {isa = PBXFileReference; lastKnownFileType = sourcecode.swift; path = ForecastTableViewCell.swift; sourceTree = "<group>"; };
		BCD07BE82678FED4003DD9E0 /* SavedWorkingData.swift */ = {isa = PBXFileReference; lastKnownFileType = sourcecode.swift; path = SavedWorkingData.swift; sourceTree = "<group>"; };
		BCD07BEC2679013E003DD9E0 /* StorageManager.swift */ = {isa = PBXFileReference; lastKnownFileType = sourcecode.swift; path = StorageManager.swift; sourceTree = "<group>"; };
		BCD07BEF26792AA0003DD9E0 /* MapImageViewController.swift */ = {isa = PBXFileReference; lastKnownFileType = sourcecode.swift; path = MapImageViewController.swift; sourceTree = "<group>"; };
		BCD07BF2267939C9003DD9E0 /* CachedImageView.swift */ = {isa = PBXFileReference; lastKnownFileType = sourcecode.swift; path = CachedImageView.swift; sourceTree = "<group>"; };
/* End PBXFileReference section */

/* Begin PBXFrameworksBuildPhase section */
		BCAB621F2652BE9000BA41F2 /* Frameworks */ = {
			isa = PBXFrameworksBuildPhase;
			buildActionMask = 2147483647;
			files = (
				E3E88EE06A61AA979D0B9D92 /* Pods_WeatherApp_HW10.framework in Frameworks */,
			);
			runOnlyForDeploymentPostprocessing = 0;
		};
/* End PBXFrameworksBuildPhase section */

/* Begin PBXGroup section */
		52A8E9B36CA0FC9203F47FA7 /* Pods */ = {
			isa = PBXGroup;
			children = (
				2CEFB0BEE1A0A9D133106B87 /* Pods-WeatherApp HW10.debug.xcconfig */,
				280DF96118270BBB45745232 /* Pods-WeatherApp HW10.release.xcconfig */,
			);
			path = Pods;
			sourceTree = "<group>";
		};
		BC3DF2262654026C00264F25 /* Model */ = {
			isa = PBXGroup;
			children = (
				BC3DF21F26530EC400264F25 /* CurrentWeatherModel.swift */,
				BC3DF2222653D15E00264F25 /* WeatherConditionModel.swift */,
				BCD07BDF2677715D003DD9E0 /* ForecastWeatherModel.swift */,
				BCD07BE82678FED4003DD9E0 /* SavedWorkingData.swift */,
			);
			path = Model;
			sourceTree = "<group>";
		};
		BC3DF2272654028A00264F25 /* Controller */ = {
			isa = PBXGroup;
			children = (
				BCAB62292652BE9000BA41F2 /* WeatherViewController.swift */,
				BC3DF2182652D42000264F25 /* SearchViewController.swift */,
				BCD07BDA267764C5003DD9E0 /* ForecastTableViewController.swift */,
				BCD07BE526777E1E003DD9E0 /* ForecastTableViewCell.swift */,
				BCD07BEF26792AA0003DD9E0 /* MapImageViewController.swift */,
				BCD07BF2267939C9003DD9E0 /* CachedImageView.swift */,
			);
			path = Controller;
			sourceTree = "<group>";
		};
		BC3DF229265402B300264F25 /* View */ = {
			isa = PBXGroup;
			children = (
				BCAB62272652BE9000BA41F2 /* SceneDelegate.swift */,
				BCAB622B2652BE9000BA41F2 /* Main.storyboard */,
				BCAB62302652BE9100BA41F2 /* LaunchScreen.storyboard */,
			);
			path = View;
			sourceTree = "<group>";
		};
		BC3DF22B265403E600264F25 /* Supportive files */ = {
			isa = PBXGroup;
			children = (
				BCAB62332652BE9100BA41F2 /* Info.plist */,
				BCAB62252652BE9000BA41F2 /* AppDelegate.swift */,
			);
			path = "Supportive files";
			sourceTree = "<group>";
		};
		BC3DF22C265403F600264F25 /* Resources */ = {
			isa = PBXGroup;
			children = (
				BCAB622E2652BE9100BA41F2 /* Assets.xcassets */,
			);
			path = Resources;
			sourceTree = "<group>";
		};
		BC3DF22D2654047100264F25 /* Helpers */ = {
			isa = PBXGroup;
			children = (
				BC3DF2112652C91800264F25 /* LocationManager.swift */,
				BCD07BEC2679013E003DD9E0 /* StorageManager.swift */,
			);
			path = Helpers;
			sourceTree = "<group>";
		};
		BCAB62192652BE9000BA41F2 = {
			isa = PBXGroup;
			children = (
				BCAB62242652BE9000BA41F2 /* WeatherApp HW10 */,
				BCAB62232652BE9000BA41F2 /* Products */,
				52A8E9B36CA0FC9203F47FA7 /* Pods */,
				C070F0CAC51B573B48EE3673 /* Frameworks */,
			);
			sourceTree = "<group>";
		};
		BCAB62232652BE9000BA41F2 /* Products */ = {
			isa = PBXGroup;
			children = (
				BCAB62222652BE9000BA41F2 /* WeatherApp HW10.app */,
			);
			name = Products;
			sourceTree = "<group>";
		};
		BCAB62242652BE9000BA41F2 /* WeatherApp HW10 */ = {
			isa = PBXGroup;
			children = (
				BC3DF22D2654047100264F25 /* Helpers */,
				BC3DF22C265403F600264F25 /* Resources */,
				BC3DF22B265403E600264F25 /* Supportive files */,
				BC3DF229265402B300264F25 /* View */,
				BC3DF2272654028A00264F25 /* Controller */,
				BC3DF2262654026C00264F25 /* Model */,
			);
			path = "WeatherApp HW10";
			sourceTree = "<group>";
		};
		C070F0CAC51B573B48EE3673 /* Frameworks */ = {
			isa = PBXGroup;
			children = (
				8E55F9757ED251E1A8E444DD /* Pods_WeatherApp_HW10.framework */,
			);
			name = Frameworks;
			sourceTree = "<group>";
		};
/* End PBXGroup section */

/* Begin PBXNativeTarget section */
		BCAB62212652BE9000BA41F2 /* WeatherApp HW10 */ = {
			isa = PBXNativeTarget;
			buildConfigurationList = BCAB62362652BE9100BA41F2 /* Build configuration list for PBXNativeTarget "WeatherApp HW10" */;
			buildPhases = (
				49F02F3731340C6BB3EB30E0 /* [CP] Check Pods Manifest.lock */,
				BCAB621E2652BE9000BA41F2 /* Sources */,
				BCAB621F2652BE9000BA41F2 /* Frameworks */,
				BCAB62202652BE9000BA41F2 /* Resources */,
				CBD02F8AC70B2AF8162DBFBB /* [CP] Embed Pods Frameworks */,
			);
			buildRules = (
			);
			dependencies = (
			);
			name = "WeatherApp HW10";
			productName = "WeatherApp HW10";
			productReference = BCAB62222652BE9000BA41F2 /* WeatherApp HW10.app */;
			productType = "com.apple.product-type.application";
		};
/* End PBXNativeTarget section */

/* Begin PBXProject section */
		BCAB621A2652BE9000BA41F2 /* Project object */ = {
			isa = PBXProject;
			attributes = {
				LastSwiftUpdateCheck = 1240;
				LastUpgradeCheck = 1240;
				TargetAttributes = {
					BCAB62212652BE9000BA41F2 = {
						CreatedOnToolsVersion = 12.4;
					};
				};
			};
			buildConfigurationList = BCAB621D2652BE9000BA41F2 /* Build configuration list for PBXProject "WeatherApp HW10" */;
			compatibilityVersion = "Xcode 9.3";
			developmentRegion = en;
			hasScannedForEncodings = 0;
			knownRegions = (
				en,
				Base,
			);
			mainGroup = BCAB62192652BE9000BA41F2;
			productRefGroup = BCAB62232652BE9000BA41F2 /* Products */;
			projectDirPath = "";
			projectRoot = "";
			targets = (
				BCAB62212652BE9000BA41F2 /* WeatherApp HW10 */,
			);
		};
/* End PBXProject section */

/* Begin PBXResourcesBuildPhase section */
		BCAB62202652BE9000BA41F2 /* Resources */ = {
			isa = PBXResourcesBuildPhase;
			buildActionMask = 2147483647;
			files = (
				BCAB62322652BE9100BA41F2 /* LaunchScreen.storyboard in Resources */,
				BCAB622F2652BE9100BA41F2 /* Assets.xcassets in Resources */,
				BCAB622D2652BE9000BA41F2 /* Main.storyboard in Resources */,
			);
			runOnlyForDeploymentPostprocessing = 0;
		};
/* End PBXResourcesBuildPhase section */

/* Begin PBXShellScriptBuildPhase section */
		49F02F3731340C6BB3EB30E0 /* [CP] Check Pods Manifest.lock */ = {
			isa = PBXShellScriptBuildPhase;
			buildActionMask = 2147483647;
			files = (
			);
			inputFileListPaths = (
			);
			inputPaths = (
				"${PODS_PODFILE_DIR_PATH}/Podfile.lock",
				"${PODS_ROOT}/Manifest.lock",
			);
			name = "[CP] Check Pods Manifest.lock";
			outputFileListPaths = (
			);
			outputPaths = (
				"$(DERIVED_FILE_DIR)/Pods-WeatherApp HW10-checkManifestLockResult.txt",
			);
			runOnlyForDeploymentPostprocessing = 0;
			shellPath = /bin/sh;
			shellScript = "diff \"${PODS_PODFILE_DIR_PATH}/Podfile.lock\" \"${PODS_ROOT}/Manifest.lock\" > /dev/null\nif [ $? != 0 ] ; then\n    # print error to STDERR\n    echo \"error: The sandbox is not in sync with the Podfile.lock. Run 'pod install' or update your CocoaPods installation.\" >&2\n    exit 1\nfi\n# This output is used by Xcode 'outputs' to avoid re-running this script phase.\necho \"SUCCESS\" > \"${SCRIPT_OUTPUT_FILE_0}\"\n";
			showEnvVarsInLog = 0;
		};
		CBD02F8AC70B2AF8162DBFBB /* [CP] Embed Pods Frameworks */ = {
			isa = PBXShellScriptBuildPhase;
			buildActionMask = 2147483647;
			files = (
			);
			inputFileListPaths = (
				"${PODS_ROOT}/Target Support Files/Pods-WeatherApp HW10/Pods-WeatherApp HW10-frameworks-${CONFIGURATION}-input-files.xcfilelist",
			);
			name = "[CP] Embed Pods Frameworks";
			outputFileListPaths = (
				"${PODS_ROOT}/Target Support Files/Pods-WeatherApp HW10/Pods-WeatherApp HW10-frameworks-${CONFIGURATION}-output-files.xcfilelist",
			);
			runOnlyForDeploymentPostprocessing = 0;
			shellPath = /bin/sh;
			shellScript = "\"${PODS_ROOT}/Target Support Files/Pods-WeatherApp HW10/Pods-WeatherApp HW10-frameworks.sh\"\n";
			showEnvVarsInLog = 0;
		};
/* End PBXShellScriptBuildPhase section */

/* Begin PBXSourcesBuildPhase section */
		BCAB621E2652BE9000BA41F2 /* Sources */ = {
			isa = PBXSourcesBuildPhase;
			buildActionMask = 2147483647;
			files = (
				BCD07BF026792AA0003DD9E0 /* MapImageViewController.swift in Sources */,
				BC3DF22026530EC400264F25 /* CurrentWeatherModel.swift in Sources */,
				BC3DF2192652D42000264F25 /* SearchViewController.swift in Sources */,
				BC3DF2122652C91800264F25 /* LocationManager.swift in Sources */,
				BCD07BED2679013E003DD9E0 /* StorageManager.swift in Sources */,
				BCD07BDB267764C5003DD9E0 /* ForecastTableViewController.swift in Sources */,
				BCD07BF3267939C9003DD9E0 /* CachedImageView.swift in Sources */,
				BCAB622A2652BE9000BA41F2 /* WeatherViewController.swift in Sources */,
				BCD07BE02677715D003DD9E0 /* ForecastWeatherModel.swift in Sources */,
				BCD07BE626777E1E003DD9E0 /* ForecastTableViewCell.swift in Sources */,
				BCAB62262652BE9000BA41F2 /* AppDelegate.swift in Sources */,
				BCD07BE92678FED4003DD9E0 /* SavedWorkingData.swift in Sources */,
				BC3DF2232653D15E00264F25 /* WeatherConditionModel.swift in Sources */,
				BCAB62282652BE9000BA41F2 /* SceneDelegate.swift in Sources */,
			);
			runOnlyForDeploymentPostprocessing = 0;
		};
/* End PBXSourcesBuildPhase section */

/* Begin PBXVariantGroup section */
		BCAB622B2652BE9000BA41F2 /* Main.storyboard */ = {
			isa = PBXVariantGroup;
			children = (
				BCAB622C2652BE9000BA41F2 /* Base */,
			);
			name = Main.storyboard;
			sourceTree = "<group>";
		};
		BCAB62302652BE9100BA41F2 /* LaunchScreen.storyboard */ = {
			isa = PBXVariantGroup;
			children = (
				BCAB62312652BE9100BA41F2 /* Base */,
			);
			name = LaunchScreen.storyboard;
			sourceTree = "<group>";
		};
/* End PBXVariantGroup section */

/* Begin XCBuildConfiguration section */
		BCAB62342652BE9100BA41F2 /* Debug */ = {
			isa = XCBuildConfiguration;
			buildSettings = {
				ALWAYS_SEARCH_USER_PATHS = NO;
				CLANG_ANALYZER_NONNULL = YES;
				CLANG_ANALYZER_NUMBER_OBJECT_CONVERSION = YES_AGGRESSIVE;
				CLANG_CXX_LANGUAGE_STANDARD = "gnu++14";
				CLANG_CXX_LIBRARY = "libc++";
				CLANG_ENABLE_MODULES = YES;
				CLANG_ENABLE_OBJC_ARC = YES;
				CLANG_ENABLE_OBJC_WEAK = YES;
				CLANG_WARN_BLOCK_CAPTURE_AUTORELEASING = YES;
				CLANG_WARN_BOOL_CONVERSION = YES;
				CLANG_WARN_COMMA = YES;
				CLANG_WARN_CONSTANT_CONVERSION = YES;
				CLANG_WARN_DEPRECATED_OBJC_IMPLEMENTATIONS = YES;
				CLANG_WARN_DIRECT_OBJC_ISA_USAGE = YES_ERROR;
				CLANG_WARN_DOCUMENTATION_COMMENTS = YES;
				CLANG_WARN_EMPTY_BODY = YES;
				CLANG_WARN_ENUM_CONVERSION = YES;
				CLANG_WARN_INFINITE_RECURSION = YES;
				CLANG_WARN_INT_CONVERSION = YES;
				CLANG_WARN_NON_LITERAL_NULL_CONVERSION = YES;
				CLANG_WARN_OBJC_IMPLICIT_RETAIN_SELF = YES;
				CLANG_WARN_OBJC_LITERAL_CONVERSION = YES;
				CLANG_WARN_OBJC_ROOT_CLASS = YES_ERROR;
				CLANG_WARN_QUOTED_INCLUDE_IN_FRAMEWORK_HEADER = YES;
				CLANG_WARN_RANGE_LOOP_ANALYSIS = YES;
				CLANG_WARN_STRICT_PROTOTYPES = YES;
				CLANG_WARN_SUSPICIOUS_MOVE = YES;
				CLANG_WARN_UNGUARDED_AVAILABILITY = YES_AGGRESSIVE;
				CLANG_WARN_UNREACHABLE_CODE = YES;
				CLANG_WARN__DUPLICATE_METHOD_MATCH = YES;
				COPY_PHASE_STRIP = NO;
				DEBUG_INFORMATION_FORMAT = dwarf;
				ENABLE_STRICT_OBJC_MSGSEND = YES;
				ENABLE_TESTABILITY = YES;
				GCC_C_LANGUAGE_STANDARD = gnu11;
				GCC_DYNAMIC_NO_PIC = NO;
				GCC_NO_COMMON_BLOCKS = YES;
				GCC_OPTIMIZATION_LEVEL = 0;
				GCC_PREPROCESSOR_DEFINITIONS = (
					"DEBUG=1",
					"$(inherited)",
				);
				GCC_WARN_64_TO_32_BIT_CONVERSION = YES;
				GCC_WARN_ABOUT_RETURN_TYPE = YES_ERROR;
				GCC_WARN_UNDECLARED_SELECTOR = YES;
				GCC_WARN_UNINITIALIZED_AUTOS = YES_AGGRESSIVE;
				GCC_WARN_UNUSED_FUNCTION = YES;
				GCC_WARN_UNUSED_VARIABLE = YES;
				IPHONEOS_DEPLOYMENT_TARGET = 14.4;
				MTL_ENABLE_DEBUG_INFO = INCLUDE_SOURCE;
				MTL_FAST_MATH = YES;
				ONLY_ACTIVE_ARCH = YES;
				SDKROOT = iphoneos;
				SWIFT_ACTIVE_COMPILATION_CONDITIONS = DEBUG;
				SWIFT_OPTIMIZATION_LEVEL = "-Onone";
			};
			name = Debug;
		};
		BCAB62352652BE9100BA41F2 /* Release */ = {
			isa = XCBuildConfiguration;
			buildSettings = {
				ALWAYS_SEARCH_USER_PATHS = NO;
				CLANG_ANALYZER_NONNULL = YES;
				CLANG_ANALYZER_NUMBER_OBJECT_CONVERSION = YES_AGGRESSIVE;
				CLANG_CXX_LANGUAGE_STANDARD = "gnu++14";
				CLANG_CXX_LIBRARY = "libc++";
				CLANG_ENABLE_MODULES = YES;
				CLANG_ENABLE_OBJC_ARC = YES;
				CLANG_ENABLE_OBJC_WEAK = YES;
				CLANG_WARN_BLOCK_CAPTURE_AUTORELEASING = YES;
				CLANG_WARN_BOOL_CONVERSION = YES;
				CLANG_WARN_COMMA = YES;
				CLANG_WARN_CONSTANT_CONVERSION = YES;
				CLANG_WARN_DEPRECATED_OBJC_IMPLEMENTATIONS = YES;
				CLANG_WARN_DIRECT_OBJC_ISA_USAGE = YES_ERROR;
				CLANG_WARN_DOCUMENTATION_COMMENTS = YES;
				CLANG_WARN_EMPTY_BODY = YES;
				CLANG_WARN_ENUM_CONVERSION = YES;
				CLANG_WARN_INFINITE_RECURSION = YES;
				CLANG_WARN_INT_CONVERSION = YES;
				CLANG_WARN_NON_LITERAL_NULL_CONVERSION = YES;
				CLANG_WARN_OBJC_IMPLICIT_RETAIN_SELF = YES;
				CLANG_WARN_OBJC_LITERAL_CONVERSION = YES;
				CLANG_WARN_OBJC_ROOT_CLASS = YES_ERROR;
				CLANG_WARN_QUOTED_INCLUDE_IN_FRAMEWORK_HEADER = YES;
				CLANG_WARN_RANGE_LOOP_ANALYSIS = YES;
				CLANG_WARN_STRICT_PROTOTYPES = YES;
				CLANG_WARN_SUSPICIOUS_MOVE = YES;
				CLANG_WARN_UNGUARDED_AVAILABILITY = YES_AGGRESSIVE;
				CLANG_WARN_UNREACHABLE_CODE = YES;
				CLANG_WARN__DUPLICATE_METHOD_MATCH = YES;
				COPY_PHASE_STRIP = NO;
				DEBUG_INFORMATION_FORMAT = "dwarf-with-dsym";
				ENABLE_NS_ASSERTIONS = NO;
				ENABLE_STRICT_OBJC_MSGSEND = YES;
				GCC_C_LANGUAGE_STANDARD = gnu11;
				GCC_NO_COMMON_BLOCKS = YES;
				GCC_WARN_64_TO_32_BIT_CONVERSION = YES;
				GCC_WARN_ABOUT_RETURN_TYPE = YES_ERROR;
				GCC_WARN_UNDECLARED_SELECTOR = YES;
				GCC_WARN_UNINITIALIZED_AUTOS = YES_AGGRESSIVE;
				GCC_WARN_UNUSED_FUNCTION = YES;
				GCC_WARN_UNUSED_VARIABLE = YES;
				IPHONEOS_DEPLOYMENT_TARGET = 14.4;
				MTL_ENABLE_DEBUG_INFO = NO;
				MTL_FAST_MATH = YES;
				SDKROOT = iphoneos;
				SWIFT_COMPILATION_MODE = wholemodule;
				SWIFT_OPTIMIZATION_LEVEL = "-O";
				VALIDATE_PRODUCT = YES;
			};
			name = Release;
		};
		BCAB62372652BE9100BA41F2 /* Debug */ = {
			isa = XCBuildConfiguration;
			baseConfigurationReference = 2CEFB0BEE1A0A9D133106B87 /* Pods-WeatherApp HW10.debug.xcconfig */;
			buildSettings = {
				ASSETCATALOG_COMPILER_APPICON_NAME = AppIcon;
				ASSETCATALOG_COMPILER_GLOBAL_ACCENT_COLOR_NAME = AccentColor;
				CODE_SIGN_STYLE = Automatic;
				DEVELOPMENT_TEAM = 832H9LUWZZ;
				INFOPLIST_FILE = "WeatherApp HW10/Supportive files/Info.plist";
				LD_RUNPATH_SEARCH_PATHS = (
					"$(inherited)",
					"@executable_path/Frameworks",
				);
				PRODUCT_BUNDLE_IDENTIFIER = "knyazev.WeatherApp-HW10";
				PRODUCT_NAME = "$(TARGET_NAME)";
				SWIFT_VERSION = 5.0;
				TARGETED_DEVICE_FAMILY = "1,2";
			};
			name = Debug;
		};
		BCAB62382652BE9100BA41F2 /* Release */ = {
			isa = XCBuildConfiguration;
			baseConfigurationReference = 280DF96118270BBB45745232 /* Pods-WeatherApp HW10.release.xcconfig */;
			buildSettings = {
				ASSETCATALOG_COMPILER_APPICON_NAME = AppIcon;
				ASSETCATALOG_COMPILER_GLOBAL_ACCENT_COLOR_NAME = AccentColor;
				CODE_SIGN_STYLE = Automatic;
				DEVELOPMENT_TEAM = 832H9LUWZZ;
				INFOPLIST_FILE = "WeatherApp HW10/Supportive files/Info.plist";
				LD_RUNPATH_SEARCH_PATHS = (
					"$(inherited)",
					"@executable_path/Frameworks",
				);
				PRODUCT_BUNDLE_IDENTIFIER = "knyazev.WeatherApp-HW10";
				PRODUCT_NAME = "$(TARGET_NAME)";
				SWIFT_VERSION = 5.0;
				TARGETED_DEVICE_FAMILY = "1,2";
			};
			name = Release;
		};
/* End XCBuildConfiguration section */

/* Begin XCConfigurationList section */
		BCAB621D2652BE9000BA41F2 /* Build configuration list for PBXProject "WeatherApp HW10" */ = {
			isa = XCConfigurationList;
			buildConfigurations = (
				BCAB62342652BE9100BA41F2 /* Debug */,
				BCAB62352652BE9100BA41F2 /* Release */,
			);
			defaultConfigurationIsVisible = 0;
			defaultConfigurationName = Release;
		};
		BCAB62362652BE9100BA41F2 /* Build configuration list for PBXNativeTarget "WeatherApp HW10" */ = {
			isa = XCConfigurationList;
			buildConfigurations = (
				BCAB62372652BE9100BA41F2 /* Debug */,
				BCAB62382652BE9100BA41F2 /* Release */,
			);
			defaultConfigurationIsVisible = 0;
			defaultConfigurationName = Release;
		};
/* End XCConfigurationList section */
	};
	rootObject = BCAB621A2652BE9000BA41F2 /* Project object */;
}
